
Microsoft Visual Studio Solution File, Format Version 12.00
# Visual Studio Version 17
VisualStudioVersion = 17.2.32505.173
MinimumVisualStudioVersion = 10.0.40219.1
Project("{9A19103F-16F7-4668-BE54-9A1E7A4F7556}") = "ClassBoxData", "ClassBoxData\ClassBoxData.csproj", "{443C9B8C-1FCD-4C9A-9175-9E9A82D4EB50}"
EndProject
Project("{9A19103F-16F7-4668-BE54-9A1E7A4F7556}") = "AnimalFarm", "AnimalFarm\AnimalFarm.csproj", "{A72572BA-1C33-468D-935D-10EF4D1A14AE}"
EndProject
Project("{9A19103F-16F7-4668-BE54-9A1E7A4F7556}") = "ShopingSpree", "ShopingSpree\ShopingSpree.csproj", "{418D6A21-F6E1-4871-8275-52C09C78FAF6}"
EndProject
Project("{9A19103F-16F7-4668-BE54-9A1E7A4F7556}") = "PizzaCalories", "PizzaCalories\PizzaCalories.csproj", "{6DAEB8F9-FE19-4256-B873-0767666C0E81}"
EndProject
Project("{FAE04EC0-301F-11D3-BF4B-00C04F79EFBC}") = "Football", "Football Team Generator\Football.csproj", "{FEF3ACD7-A1E1-43DD-AC91-DF9AC2F38D56}"
EndProject
Global
	GlobalSection(SolutionConfigurationPlatforms) = preSolution
		Debug|Any CPU = Debug|Any CPU
		Release|Any CPU = Release|Any CPU
	EndGlobalSection
	GlobalSection(ProjectConfigurationPlatforms) = postSolution
		{443C9B8C-1FCD-4C9A-9175-9E9A82D4EB50}.Debug|Any CPU.ActiveCfg = Debug|Any CPU
		{443C9B8C-1FCD-4C9A-9175-9E9A82D4EB50}.Debug|Any CPU.Build.0 = Debug|Any CPU
		{443C9B8C-1FCD-4C9A-9175-9E9A82D4EB50}.Release|Any CPU.ActiveCfg = Release|Any CPU
		{443C9B8C-1FCD-4C9A-9175-9E9A82D4EB50}.Release|Any CPU.Build.0 = Release|Any CPU
		{A72572BA-1C33-468D-935D-10EF4D1A14AE}.Debug|Any CPU.ActiveCfg = Debug|Any CPU
		{A72572BA-1C33-468D-935D-10EF4D1A14AE}.Debug|Any CPU.Build.0 = Debug|Any CPU
		{A72572BA-1C33-468D-935D-10EF4D1A14AE}.Release|Any CPU.ActiveCfg = Release|Any CPU
		{A72572BA-1C33-468D-935D-10EF4D1A14AE}.Release|Any CPU.Build.0 = Release|Any CPU
		{418D6A21-F6E1-4871-8275-52C09C78FAF6}.Debug|Any CPU.ActiveCfg = Debug|Any CPU
		{418D6A21-F6E1-4871-8275-52C09C78FAF6}.Debug|Any CPU.Build.0 = Debug|Any CPU
		{418D6A21-F6E1-4871-8275-52C09C78FAF6}.Release|Any CPU.ActiveCfg = Release|Any CPU
		{418D6A21-F6E1-4871-8275-52C09C78FAF6}.Release|Any CPU.Build.0 = Release|Any CPU
		{6DAEB8F9-FE19-4256-B873-0767666C0E81}.Debug|Any CPU.ActiveCfg = Debug|Any CPU
		{6DAEB8F9-FE19-4256-B873-0767666C0E81}.Debug|Any CPU.Build.0 = Debug|Any CPU
		{6DAEB8F9-FE19-4256-B873-0767666C0E81}.Release|Any CPU.ActiveCfg = Release|Any CPU
		{6DAEB8F9-FE19-4256-B873-0767666C0E81}.Release|Any CPU.Build.0 = Release|Any CPU
		{FEF3ACD7-A1E1-43DD-AC91-DF9AC2F38D56}.Debug|Any CPU.ActiveCfg = Debug|Any CPU
		{FEF3ACD7-A1E1-43DD-AC91-DF9AC2F38D56}.Debug|Any CPU.Build.0 = Debug|Any CPU
		{FEF3ACD7-A1E1-43DD-AC91-DF9AC2F38D56}.Release|Any CPU.ActiveCfg = Release|Any CPU
		{FEF3ACD7-A1E1-43DD-AC91-DF9AC2F38D56}.Release|Any CPU.Build.0 = Release|Any CPU
	EndGlobalSection
	GlobalSection(SolutionProperties) = preSolution
		HideSolutionNode = FALSE
	EndGlobalSection
	GlobalSection(ExtensibilityGlobals) = postSolution
		SolutionGuid = {64CA9F12-E0C7-4F42-A4D3-88423B7FA50D}
	EndGlobalSection
EndGlobal
