
Microsoft Visual Studio Solution File, Format Version 12.00
# Visual Studio Version 17
VisualStudioVersion = 17.2.32505.173
MinimumVisualStudioVersion = 10.0.40219.1
Project("{9A19103F-16F7-4668-BE54-9A1E7A4F7556}") = "SingleInheritance", "SingleInheritance\SingleInheritance.csproj", "{16D70A26-05DA-43A1-9AF6-FC1739A4B301}"
EndProject
Project("{9A19103F-16F7-4668-BE54-9A1E7A4F7556}") = "MultipleInheritance", "MultipleInheritance\MultipleInheritance.csproj", "{91DADE0E-7E56-44DA-B597-96242007F073}"
EndProject
Project("{FAE04EC0-301F-11D3-BF4B-00C04F79EFBC}") = "Hierarchical Inheritance", "Hierarchical Inheritance\Hierarchical Inheritance.csproj", "{35F64A12-C28F-445B-A5C7-54F7054952DC}"
EndProject
Project("{FAE04EC0-301F-11D3-BF4B-00C04F79EFBC}") = "RandomList", "RandomList\RandomList.csproj", "{66D0A42F-CE91-4A07-9FB5-71D5E5A201A6}"
EndProject
Project("{FAE04EC0-301F-11D3-BF4B-00C04F79EFBC}") = "CustomStack", "CustomStack\CustomStack.csproj", "{73730FE5-6950-4D13-B73F-F745BB178214}"
EndProject
Global
	GlobalSection(SolutionConfigurationPlatforms) = preSolution
		Debug|Any CPU = Debug|Any CPU
		Release|Any CPU = Release|Any CPU
	EndGlobalSection
	GlobalSection(ProjectConfigurationPlatforms) = postSolution
		{16D70A26-05DA-43A1-9AF6-FC1739A4B301}.Debug|Any CPU.ActiveCfg = Debug|Any CPU
		{16D70A26-05DA-43A1-9AF6-FC1739A4B301}.Debug|Any CPU.Build.0 = Debug|Any CPU
		{16D70A26-05DA-43A1-9AF6-FC1739A4B301}.Release|Any CPU.ActiveCfg = Release|Any CPU
		{16D70A26-05DA-43A1-9AF6-FC1739A4B301}.Release|Any CPU.Build.0 = Release|Any CPU
		{91DADE0E-7E56-44DA-B597-96242007F073}.Debug|Any CPU.ActiveCfg = Debug|Any CPU
		{91DADE0E-7E56-44DA-B597-96242007F073}.Debug|Any CPU.Build.0 = Debug|Any CPU
		{91DADE0E-7E56-44DA-B597-96242007F073}.Release|Any CPU.ActiveCfg = Release|Any CPU
		{91DADE0E-7E56-44DA-B597-96242007F073}.Release|Any CPU.Build.0 = Release|Any CPU
		{35F64A12-C28F-445B-A5C7-54F7054952DC}.Debug|Any CPU.ActiveCfg = Debug|Any CPU
		{35F64A12-C28F-445B-A5C7-54F7054952DC}.Debug|Any CPU.Build.0 = Debug|Any CPU
		{35F64A12-C28F-445B-A5C7-54F7054952DC}.Release|Any CPU.ActiveCfg = Release|Any CPU
		{35F64A12-C28F-445B-A5C7-54F7054952DC}.Release|Any CPU.Build.0 = Release|Any CPU
		{66D0A42F-CE91-4A07-9FB5-71D5E5A201A6}.Debug|Any CPU.ActiveCfg = Debug|Any CPU
		{66D0A42F-CE91-4A07-9FB5-71D5E5A201A6}.Debug|Any CPU.Build.0 = Debug|Any CPU
		{66D0A42F-CE91-4A07-9FB5-71D5E5A201A6}.Release|Any CPU.ActiveCfg = Release|Any CPU
		{66D0A42F-CE91-4A07-9FB5-71D5E5A201A6}.Release|Any CPU.Build.0 = Release|Any CPU
		{73730FE5-6950-4D13-B73F-F745BB178214}.Debug|Any CPU.ActiveCfg = Debug|Any CPU
		{73730FE5-6950-4D13-B73F-F745BB178214}.Debug|Any CPU.Build.0 = Debug|Any CPU
		{73730FE5-6950-4D13-B73F-F745BB178214}.Release|Any CPU.ActiveCfg = Release|Any CPU
		{73730FE5-6950-4D13-B73F-F745BB178214}.Release|Any CPU.Build.0 = Release|Any CPU
	EndGlobalSection
	GlobalSection(SolutionProperties) = preSolution
		HideSolutionNode = FALSE
	EndGlobalSection
	GlobalSection(ExtensibilityGlobals) = postSolution
		SolutionGuid = {BFA502DA-8F57-4E0C-A879-4600F64AE253}
	EndGlobalSection
EndGlobal
